// !$*UTF8*$!
{
	archiveVersion = 1;
	classes = {
	};
	objectVersion = 56;
	objects = {

/* Begin PBXBuildFile section */
		474613C52B79BC4600F5461C /* test1_2App.swift in Sources */ = {isa = PBXBuildFile; fileRef = 474613C42B79BC4600F5461C /* test1_2App.swift */; };
		474613C72B79BC4600F5461C /* ContentView.swift in Sources */ = {isa = PBXBuildFile; fileRef = 474613C62B79BC4600F5461C /* ContentView.swift */; };
		474613C92B79BC4800F5461C /* Assets.xcassets in Resources */ = {isa = PBXBuildFile; fileRef = 474613C82B79BC4800F5461C /* Assets.xcassets */; };
		474613CC2B79BC4800F5461C /* Preview Assets.xcassets in Resources */ = {isa = PBXBuildFile; fileRef = 474613CB2B79BC4800F5461C /* Preview Assets.xcassets */; };
		474613D62B79BC4800F5461C /* test1_2Tests.swift in Sources */ = {isa = PBXBuildFile; fileRef = 474613D52B79BC4800F5461C /* test1_2Tests.swift */; };
		474613E02B79BC4800F5461C /* test1_2UITests.swift in Sources */ = {isa = PBXBuildFile; fileRef = 474613DF2B79BC4800F5461C /* test1_2UITests.swift */; };
		474613E22B79BC4800F5461C /* test1_2UITestsLaunchTests.swift in Sources */ = {isa = PBXBuildFile; fileRef = 474613E12B79BC4800F5461C /* test1_2UITestsLaunchTests.swift */; };
/* End PBXBuildFile section */

/* Begin PBXContainerItemProxy section */
		474613D22B79BC4800F5461C /* PBXContainerItemProxy */ = {
			isa = PBXContainerItemProxy;
			containerPortal = 474613B92B79BC4600F5461C /* Project object */;
			proxyType = 1;
			remoteGlobalIDString = 474613C02B79BC4600F5461C;
			remoteInfo = test1.2;
		};
		474613DC2B79BC4800F5461C /* PBXContainerItemProxy */ = {
			isa = PBXContainerItemProxy;
			containerPortal = 474613B92B79BC4600F5461C /* Project object */;
			proxyType = 1;
			remoteGlobalIDString = 474613C02B79BC4600F5461C;
			remoteInfo = test1.2;
		};
/* End PBXContainerItemProxy section */

/* Begin PBXFileReference section */
		474613C12B79BC4600F5461C /* test1.2.app */ = {isa = PBXFileReference; explicitFileType = wrapper.application; includeInIndex = 0; path = test1.2.app; sourceTree = BUILT_PRODUCTS_DIR; };
		474613C42B79BC4600F5461C /* test1_2App.swift */ = {isa = PBXFileReference; lastKnownFileType = sourcecode.swift; path = test1_2App.swift; sourceTree = "<group>"; };
		474613C62B79BC4600F5461C /* ContentView.swift */ = {isa = PBXFileReference; lastKnownFileType = sourcecode.swift; path = ContentView.swift; sourceTree = "<group>"; };
		474613C82B79BC4800F5461C /* Assets.xcassets */ = {isa = PBXFileReference; lastKnownFileType = folder.assetcatalog; path = Assets.xcassets; sourceTree = "<group>"; };
		474613CB2B79BC4800F5461C /* Preview Assets.xcassets */ = {isa = PBXFileReference; lastKnownFileType = folder.assetcatalog; path = "Preview Assets.xcassets"; sourceTree = "<group>"; };
		474613D12B79BC4800F5461C /* test1.2Tests.xctest */ = {isa = PBXFileReference; explicitFileType = wrapper.cfbundle; includeInIndex = 0; path = test1.2Tests.xctest; sourceTree = BUILT_PRODUCTS_DIR; };
		474613D52B79BC4800F5461C /* test1_2Tests.swift */ = {isa = PBXFileReference; lastKnownFileType = sourcecode.swift; path = test1_2Tests.swift; sourceTree = "<group>"; };
		474613DB2B79BC4800F5461C /* test1.2UITests.xctest */ = {isa = PBXFileReference; explicitFileType = wrapper.cfbundle; includeInIndex = 0; path = test1.2UITests.xctest; sourceTree = BUILT_PRODUCTS_DIR; };
		474613DF2B79BC4800F5461C /* test1_2UITests.swift */ = {isa = PBXFileReference; lastKnownFileType = sourcecode.swift; path = test1_2UITests.swift; sourceTree = "<group>"; };
		474613E12B79BC4800F5461C /* test1_2UITestsLaunchTests.swift */ = {isa = PBXFileReference; lastKnownFileType = sourcecode.swift; path = test1_2UITestsLaunchTests.swift; sourceTree = "<group>"; };
/* End PBXFileReference section */

/* Begin PBXFrameworksBuildPhase section */
		474613BE2B79BC4600F5461C /* Frameworks */ = {
			isa = PBXFrameworksBuildPhase;
			buildActionMask = 2147483647;
			files = (
			);
			runOnlyForDeploymentPostprocessing = 0;
		};
		474613CE2B79BC4800F5461C /* Frameworks */ = {
			isa = PBXFrameworksBuildPhase;
			buildActionMask = 2147483647;
			files = (
			);
			runOnlyForDeploymentPostprocessing = 0;
		};
		474613D82B79BC4800F5461C /* Frameworks */ = {
			isa = PBXFrameworksBuildPhase;
			buildActionMask = 2147483647;
			files = (
			);
			runOnlyForDeploymentPostprocessing = 0;
		};
/* End PBXFrameworksBuildPhase section */

/* Begin PBXGroup section */
		474613B82B79BC4600F5461C = {
			isa = PBXGroup;
			children = (
				474613C32B79BC4600F5461C /* test1.2 */,
				474613D42B79BC4800F5461C /* test1.2Tests */,
				474613DE2B79BC4800F5461C /* test1.2UITests */,
				474613C22B79BC4600F5461C /* Products */,
			);
			sourceTree = "<group>";
		};
		474613C22B79BC4600F5461C /* Products */ = {
			isa = PBXGroup;
			children = (
				474613C12B79BC4600F5461C /* test1.2.app */,
				474613D12B79BC4800F5461C /* test1.2Tests.xctest */,
				474613DB2B79BC4800F5461C /* test1.2UITests.xctest */,
			);
			name = Products;
			sourceTree = "<group>";
		};
		474613C32B79BC4600F5461C /* test1.2 */ = {
			isa = PBXGroup;
			children = (
				474613C42B79BC4600F5461C /* test1_2App.swift */,
				474613C62B79BC4600F5461C /* ContentView.swift */,
				474613C82B79BC4800F5461C /* Assets.xcassets */,
				474613CA2B79BC4800F5461C /* Preview Content */,
			);
			path = test1.2;
			sourceTree = "<group>";
		};
		474613CA2B79BC4800F5461C /* Preview Content */ = {
			isa = PBXGroup;
			children = (
				474613CB2B79BC4800F5461C /* Preview Assets.xcassets */,
			);
			path = "Preview Content";
			sourceTree = "<group>";
		};
		474613D42B79BC4800F5461C /* test1.2Tests */ = {
			isa = PBXGroup;
			children = (
				474613D52B79BC4800F5461C /* test1_2Tests.swift */,
			);
			path = test1.2Tests;
			sourceTree = "<group>";
		};
		474613DE2B79BC4800F5461C /* test1.2UITests */ = {
			isa = PBXGroup;
			children = (
				474613DF2B79BC4800F5461C /* test1_2UITests.swift */,
				474613E12B79BC4800F5461C /* test1_2UITestsLaunchTests.swift */,
			);
			path = test1.2UITests;
			sourceTree = "<group>";
		};
/* End PBXGroup section */

/* Begin PBXNativeTarget section */
		474613C02B79BC4600F5461C /* test1.2 */ = {
			isa = PBXNativeTarget;
			buildConfigurationList = 474613E52B79BC4800F5461C /* Build configuration list for PBXNativeTarget "test1.2" */;
			buildPhases = (
				474613BD2B79BC4600F5461C /* Sources */,
				474613BE2B79BC4600F5461C /* Frameworks */,
				474613BF2B79BC4600F5461C /* Resources */,
			);
			buildRules = (
			);
			dependencies = (
			);
			name = test1.2;
			productName = test1.2;
			productReference = 474613C12B79BC4600F5461C /* test1.2.app */;
			productType = "com.apple.product-type.application";
		};
		474613D02B79BC4800F5461C /* test1.2Tests */ = {
			isa = PBXNativeTarget;
			buildConfigurationList = 474613E82B79BC4800F5461C /* Build configuration list for PBXNativeTarget "test1.2Tests" */;
			buildPhases = (
				474613CD2B79BC4800F5461C /* Sources */,
				474613CE2B79BC4800F5461C /* Frameworks */,
				474613CF2B79BC4800F5461C /* Resources */,
			);
			buildRules = (
			);
			dependencies = (
				474613D32B79BC4800F5461C /* PBXTargetDependency */,
			);
			name = test1.2Tests;
			productName = test1.2Tests;
			productReference = 474613D12B79BC4800F5461C /* test1.2Tests.xctest */;
			productType = "com.apple.product-type.bundle.unit-test";
		};
		474613DA2B79BC4800F5461C /* test1.2UITests */ = {
			isa = PBXNativeTarget;
			buildConfigurationList = 474613EB2B79BC4800F5461C /* Build configuration list for PBXNativeTarget "test1.2UITests" */;
			buildPhases = (
				474613D72B79BC4800F5461C /* Sources */,
				474613D82B79BC4800F5461C /* Frameworks */,
				474613D92B79BC4800F5461C /* Resources */,
			);
			buildRules = (
			);
			dependencies = (
				474613DD2B79BC4800F5461C /* PBXTargetDependency */,
			);
			name = test1.2UITests;
			productName = test1.2UITests;
			productReference = 474613DB2B79BC4800F5461C /* test1.2UITests.xctest */;
			productType = "com.apple.product-type.bundle.ui-testing";
		};
/* End PBXNativeTarget section */

/* Begin PBXProject section */
		474613B92B79BC4600F5461C /* Project object */ = {
			isa = PBXProject;
			attributes = {
				BuildIndependentTargetsInParallel = 1;
				LastSwiftUpdateCheck = 1520;
				LastUpgradeCheck = 1520;
				TargetAttributes = {
					474613C02B79BC4600F5461C = {
						CreatedOnToolsVersion = 15.2;
					};
					474613D02B79BC4800F5461C = {
						CreatedOnToolsVersion = 15.2;
						TestTargetID = 474613C02B79BC4600F5461C;
					};
					474613DA2B79BC4800F5461C = {
						CreatedOnToolsVersion = 15.2;
						TestTargetID = 474613C02B79BC4600F5461C;
					};
				};
			};
			buildConfigurationList = 474613BC2B79BC4600F5461C /* Build configuration list for PBXProject "test1.2" */;
			compatibilityVersion = "Xcode 14.0";
			developmentRegion = en;
			hasScannedForEncodings = 0;
			knownRegions = (
				en,
				Base,
			);
			mainGroup = 474613B82B79BC4600F5461C;
			productRefGroup = 474613C22B79BC4600F5461C /* Products */;
			projectDirPath = "";
			projectRoot = "";
			targets = (
				474613C02B79BC4600F5461C /* test1.2 */,
				474613D02B79BC4800F5461C /* test1.2Tests */,
				474613DA2B79BC4800F5461C /* test1.2UITests */,
			);
		};
/* End PBXProject section */

/* Begin PBXResourcesBuildPhase section */
		474613BF2B79BC4600F5461C /* Resources */ = {
			isa = PBXResourcesBuildPhase;
			buildActionMask = 2147483647;
			files = (
				474613CC2B79BC4800F5461C /* Preview Assets.xcassets in Resources */,
				474613C92B79BC4800F5461C /* Assets.xcassets in Resources */,
			);
			runOnlyForDeploymentPostprocessing = 0;
		};
		474613CF2B79BC4800F5461C /* Resources */ = {
			isa = PBXResourcesBuildPhase;
			buildActionMask = 2147483647;
			files = (
			);
			runOnlyForDeploymentPostprocessing = 0;
		};
		474613D92B79BC4800F5461C /* Resources */ = {
			isa = PBXResourcesBuildPhase;
			buildActionMask = 2147483647;
			files = (
			);
			runOnlyForDeploymentPostprocessing = 0;
		};
/* End PBXResourcesBuildPhase section */

/* Begin PBXSourcesBuildPhase section */
		474613BD2B79BC4600F5461C /* Sources */ = {
			isa = PBXSourcesBuildPhase;
			buildActionMask = 2147483647;
			files = (
				474613C72B79BC4600F5461C /* ContentView.swift in Sources */,
				474613C52B79BC4600F5461C /* test1_2App.swift in Sources */,
			);
			runOnlyForDeploymentPostprocessing = 0;
		};
		474613CD2B79BC4800F5461C /* Sources */ = {
			isa = PBXSourcesBuildPhase;
			buildActionMask = 2147483647;
			files = (
				474613D62B79BC4800F5461C /* test1_2Tests.swift in Sources */,
			);
			runOnlyForDeploymentPostprocessing = 0;
		};
		474613D72B79BC4800F5461C /* Sources */ = {
			isa = PBXSourcesBuildPhase;
			buildActionMask = 2147483647;
			files = (
				474613E02B79BC4800F5461C /* test1_2UITests.swift in Sources */,
				474613E22B79BC4800F5461C /* test1_2UITestsLaunchTests.swift in Sources */,
			);
			runOnlyForDeploymentPostprocessing = 0;
		};
/* End PBXSourcesBuildPhase section */

/* Begin PBXTargetDependency section */
		474613D32B79BC4800F5461C /* PBXTargetDependency */ = {
			isa = PBXTargetDependency;
			target = 474613C02B79BC4600F5461C /* test1.2 */;
			targetProxy = 474613D22B79BC4800F5461C /* PBXContainerItemProxy */;
		};
		474613DD2B79BC4800F5461C /* PBXTargetDependency */ = {
			isa = PBXTargetDependency;
			target = 474613C02B79BC4600F5461C /* test1.2 */;
			targetProxy = 474613DC2B79BC4800F5461C /* PBXContainerItemProxy */;
		};
/* End PBXTargetDependency section */

/* Begin XCBuildConfiguration section */
		474613E32B79BC4800F5461C /* Debug */ = {
			isa = XCBuildConfiguration;
			buildSettings = {
				ALWAYS_SEARCH_USER_PATHS = NO;
				ASSETCATALOG_COMPILER_GENERATE_SWIFT_ASSET_SYMBOL_EXTENSIONS = YES;
				CLANG_ANALYZER_NONNULL = YES;
				CLANG_ANALYZER_NUMBER_OBJECT_CONVERSION = YES_AGGRESSIVE;
				CLANG_CXX_LANGUAGE_STANDARD = "gnu++20";
				CLANG_ENABLE_MODULES = YES;
				CLANG_ENABLE_OBJC_ARC = YES;
				CLANG_ENABLE_OBJC_WEAK = YES;
				CLANG_WARN_BLOCK_CAPTURE_AUTORELEASING = YES;
				CLANG_WARN_BOOL_CONVERSION = YES;
				CLANG_WARN_COMMA = YES;
				CLANG_WARN_CONSTANT_CONVERSION = YES;
				CLANG_WARN_DEPRECATED_OBJC_IMPLEMENTATIONS = YES;
				CLANG_WARN_DIRECT_OBJC_ISA_USAGE = YES_ERROR;
				CLANG_WARN_DOCUMENTATION_COMMENTS = YES;
				CLANG_WARN_EMPTY_BODY = YES;
				CLANG_WARN_ENUM_CONVERSION = YES;
				CLANG_WARN_INFINITE_RECURSION = YES;
				CLANG_WARN_INT_CONVERSION = YES;
				CLANG_WARN_NON_LITERAL_NULL_CONVERSION = YES;
				CLANG_WARN_OBJC_IMPLICIT_RETAIN_SELF = YES;
				CLANG_WARN_OBJC_LITERAL_CONVERSION = YES;
				CLANG_WARN_OBJC_ROOT_CLASS = YES_ERROR;
				CLANG_WARN_QUOTED_INCLUDE_IN_FRAMEWORK_HEADER = YES;
				CLANG_WARN_RANGE_LOOP_ANALYSIS = YES;
				CLANG_WARN_STRICT_PROTOTYPES = YES;
				CLANG_WARN_SUSPICIOUS_MOVE = YES;
				CLANG_WARN_UNGUARDED_AVAILABILITY = YES_AGGRESSIVE;
				CLANG_WARN_UNREACHABLE_CODE = YES;
				CLANG_WARN__DUPLICATE_METHOD_MATCH = YES;
				COPY_PHASE_STRIP = NO;
				DEBUG_INFORMATION_FORMAT = dwarf;
				ENABLE_STRICT_OBJC_MSGSEND = YES;
				ENABLE_TESTABILITY = YES;
				ENABLE_USER_SCRIPT_SANDBOXING = YES;
				GCC_C_LANGUAGE_STANDARD = gnu17;
				GCC_DYNAMIC_NO_PIC = NO;
				GCC_NO_COMMON_BLOCKS = YES;
				GCC_OPTIMIZATION_LEVEL = 0;
				GCC_PREPROCESSOR_DEFINITIONS = (
					"DEBUG=1",
					"$(inherited)",
				);
				GCC_WARN_64_TO_32_BIT_CONVERSION = YES;
				GCC_WARN_ABOUT_RETURN_TYPE = YES_ERROR;
				GCC_WARN_UNDECLARED_SELECTOR = YES;
				GCC_WARN_UNINITIALIZED_AUTOS = YES_AGGRESSIVE;
				GCC_WARN_UNUSED_FUNCTION = YES;
				GCC_WARN_UNUSED_VARIABLE = YES;
				IPHONEOS_DEPLOYMENT_TARGET = 17.2;
				LOCALIZATION_PREFERS_STRING_CATALOGS = YES;
				MTL_ENABLE_DEBUG_INFO = INCLUDE_SOURCE;
				MTL_FAST_MATH = YES;
				ONLY_ACTIVE_ARCH = YES;
				SDKROOT = iphoneos;
				SWIFT_ACTIVE_COMPILATION_CONDITIONS = "DEBUG $(inherited)";
				SWIFT_OPTIMIZATION_LEVEL = "-Onone";
			};
			name = Debug;
		};
		474613E42B79BC4800F5461C /* Release */ = {
			isa = XCBuildConfiguration;
			buildSettings = {
				ALWAYS_SEARCH_USER_PATHS = NO;
				ASSETCATALOG_COMPILER_GENERATE_SWIFT_ASSET_SYMBOL_EXTENSIONS = YES;
				CLANG_ANALYZER_NONNULL = YES;
				CLANG_ANALYZER_NUMBER_OBJECT_CONVERSION = YES_AGGRESSIVE;
				CLANG_CXX_LANGUAGE_STANDARD = "gnu++20";
				CLANG_ENABLE_MODULES = YES;
				CLANG_ENABLE_OBJC_ARC = YES;
				CLANG_ENABLE_OBJC_WEAK = YES;
				CLANG_WARN_BLOCK_CAPTURE_AUTORELEASING = YES;
				CLANG_WARN_BOOL_CONVERSION = YES;
				CLANG_WARN_COMMA = YES;
				CLANG_WARN_CONSTANT_CONVERSION = YES;
				CLANG_WARN_DEPRECATED_OBJC_IMPLEMENTATIONS = YES;
				CLANG_WARN_DIRECT_OBJC_ISA_USAGE = YES_ERROR;
				CLANG_WARN_DOCUMENTATION_COMMENTS = YES;
				CLANG_WARN_EMPTY_BODY = YES;
				CLANG_WARN_ENUM_CONVERSION = YES;
				CLANG_WARN_INFINITE_RECURSION = YES;
				CLANG_WARN_INT_CONVERSION = YES;
				CLANG_WARN_NON_LITERAL_NULL_CONVERSION = YES;
				CLANG_WARN_OBJC_IMPLICIT_RETAIN_SELF = YES;
				CLANG_WARN_OBJC_LITERAL_CONVERSION = YES;
				CLANG_WARN_OBJC_ROOT_CLASS = YES_ERROR;
				CLANG_WARN_QUOTED_INCLUDE_IN_FRAMEWORK_HEADER = YES;
				CLANG_WARN_RANGE_LOOP_ANALYSIS = YES;
				CLANG_WARN_STRICT_PROTOTYPES = YES;
				CLANG_WARN_SUSPICIOUS_MOVE = YES;
				CLANG_WARN_UNGUARDED_AVAILABILITY = YES_AGGRESSIVE;
				CLANG_WARN_UNREACHABLE_CODE = YES;
				CLANG_WARN__DUPLICATE_METHOD_MATCH = YES;
				COPY_PHASE_STRIP = NO;
				DEBUG_INFORMATION_FORMAT = "dwarf-with-dsym";
				ENABLE_NS_ASSERTIONS = NO;
				ENABLE_STRICT_OBJC_MSGSEND = YES;
				ENABLE_USER_SCRIPT_SANDBOXING = YES;
				GCC_C_LANGUAGE_STANDARD = gnu17;
				GCC_NO_COMMON_BLOCKS = YES;
				GCC_WARN_64_TO_32_BIT_CONVERSION = YES;
				GCC_WARN_ABOUT_RETURN_TYPE = YES_ERROR;
				GCC_WARN_UNDECLARED_SELECTOR = YES;
				GCC_WARN_UNINITIALIZED_AUTOS = YES_AGGRESSIVE;
				GCC_WARN_UNUSED_FUNCTION = YES;
				GCC_WARN_UNUSED_VARIABLE = YES;
				IPHONEOS_DEPLOYMENT_TARGET = 17.2;
				LOCALIZATION_PREFERS_STRING_CATALOGS = YES;
				MTL_ENABLE_DEBUG_INFO = NO;
				MTL_FAST_MATH = YES;
				SDKROOT = iphoneos;
				SWIFT_COMPILATION_MODE = wholemodule;
				VALIDATE_PRODUCT = YES;
			};
			name = Release;
		};
		474613E62B79BC4800F5461C /* Debug */ = {
			isa = XCBuildConfiguration;
			buildSettings = {
				ASSETCATALOG_COMPILER_APPICON_NAME = AppIcon;
				ASSETCATALOG_COMPILER_GLOBAL_ACCENT_COLOR_NAME = AccentColor;
				CODE_SIGN_STYLE = Automatic;
				CURRENT_PROJECT_VERSION = 1;
				DEVELOPMENT_ASSET_PATHS = "\"test1.2/Preview Content\"";
				DEVELOPMENT_TEAM = A6LH6T8YU2;
				ENABLE_PREVIEWS = YES;
				GENERATE_INFOPLIST_FILE = YES;
				INFOPLIST_KEY_UIApplicationSceneManifest_Generation = YES;
				INFOPLIST_KEY_UIApplicationSupportsIndirectInputEvents = YES;
				INFOPLIST_KEY_UILaunchScreen_Generation = YES;
				INFOPLIST_KEY_UISupportedInterfaceOrientations_iPad = "UIInterfaceOrientationPortrait UIInterfaceOrientationPortraitUpsideDown UIInterfaceOrientationLandscapeLeft UIInterfaceOrientationLandscapeRight";
				INFOPLIST_KEY_UISupportedInterfaceOrientations_iPhone = "UIInterfaceOrientationPortrait UIInterfaceOrientationLandscapeLeft UIInterfaceOrientationLandscapeRight";
				LD_RUNPATH_SEARCH_PATHS = (
					"$(inherited)",
					"@executable_path/Frameworks",
				);
				MARKETING_VERSION = 1.0;
				PRODUCT_BUNDLE_IDENTIFIER = "testing.test1-2";
				PRODUCT_NAME = "$(TARGET_NAME)";
				SWIFT_EMIT_LOC_STRINGS = YES;
				SWIFT_VERSION = 5.0;
				TARGETED_DEVICE_FAMILY = "1,2";
			};
			name = Debug;
		};
		474613E72B79BC4800F5461C /* Release */ = {
			isa = XCBuildConfiguration;
			buildSettings = {
				ASSETCATALOG_COMPILER_APPICON_NAME = AppIcon;
				ASSETCATALOG_COMPILER_GLOBAL_ACCENT_COLOR_NAME = AccentColor;
				CODE_SIGN_STYLE = Automatic;
				CURRENT_PROJECT_VERSION = 1;
				DEVELOPMENT_ASSET_PATHS = "\"test1.2/Preview Content\"";
				DEVELOPMENT_TEAM = A6LH6T8YU2;
				ENABLE_PREVIEWS = YES;
				GENERATE_INFOPLIST_FILE = YES;
				INFOPLIST_KEY_UIApplicationSceneManifest_Generation = YES;
				INFOPLIST_KEY_UIApplicationSupportsIndirectInputEvents = YES;
				INFOPLIST_KEY_UILaunchScreen_Generation = YES;
				INFOPLIST_KEY_UISupportedInterfaceOrientations_iPad = "UIInterfaceOrientationPortrait UIInterfaceOrientationPortraitUpsideDown UIInterfaceOrientationLandscapeLeft UIInterfaceOrientationLandscapeRight";
				INFOPLIST_KEY_UISupportedInterfaceOrientations_iPhone = "UIInterfaceOrientationPortrait UIInterfaceOrientationLandscapeLeft UIInterfaceOrientationLandscapeRight";
				LD_RUNPATH_SEARCH_PATHS = (
					"$(inherited)",
					"@executable_path/Frameworks",
				);
				MARKETING_VERSION = 1.0;
				PRODUCT_BUNDLE_IDENTIFIER = "testing.test1-2";
				PRODUCT_NAME = "$(TARGET_NAME)";
				SWIFT_EMIT_LOC_STRINGS = YES;
				SWIFT_VERSION = 5.0;
				TARGETED_DEVICE_FAMILY = "1,2";
			};
			name = Release;
		};
		474613E92B79BC4800F5461C /* Debug */ = {
			isa = XCBuildConfiguration;
			buildSettings = {
				ALWAYS_EMBED_SWIFT_STANDARD_LIBRARIES = YES;
				BUNDLE_LOADER = "$(TEST_HOST)";
				CODE_SIGN_STYLE = Automatic;
				CURRENT_PROJECT_VERSION = 1;
				DEVELOPMENT_TEAM = A6LH6T8YU2;
				GENERATE_INFOPLIST_FILE = YES;
				IPHONEOS_DEPLOYMENT_TARGET = 17.2;
				MARKETING_VERSION = 1.0;
				PRODUCT_BUNDLE_IDENTIFIER = "testing.test1-2Tests";
				PRODUCT_NAME = "$(TARGET_NAME)";
				SWIFT_EMIT_LOC_STRINGS = NO;
				SWIFT_VERSION = 5.0;
				TARGETED_DEVICE_FAMILY = "1,2";
				TEST_HOST = "$(BUILT_PRODUCTS_DIR)/test1.2.app/$(BUNDLE_EXECUTABLE_FOLDER_PATH)/test1.2";
			};
			name = Debug;
		};
		474613EA2B79BC4800F5461C /* Release */ = {
			isa = XCBuildConfiguration;
			buildSettings = {
				ALWAYS_EMBED_SWIFT_STANDARD_LIBRARIES = YES;
				BUNDLE_LOADER = "$(TEST_HOST)";
				CODE_SIGN_STYLE = Automatic;
				CURRENT_PROJECT_VERSION = 1;
				DEVELOPMENT_TEAM = A6LH6T8YU2;
				GENERATE_INFOPLIST_FILE = YES;
				IPHONEOS_DEPLOYMENT_TARGET = 17.2;
				MARKETING_VERSION = 1.0;
				PRODUCT_BUNDLE_IDENTIFIER = "testing.test1-2Tests";
				PRODUCT_NAME = "$(TARGET_NAME)";
				SWIFT_EMIT_LOC_STRINGS = NO;
				SWIFT_VERSION = 5.0;
				TARGETED_DEVICE_FAMILY = "1,2";
				TEST_HOST = "$(BUILT_PRODUCTS_DIR)/test1.2.app/$(BUNDLE_EXECUTABLE_FOLDER_PATH)/test1.2";
			};
			name = Release;
		};
		474613EC2B79BC4800F5461C /* Debug */ = {
			isa = XCBuildConfiguration;
			buildSettings = {
				ALWAYS_EMBED_SWIFT_STANDARD_LIBRARIES = YES;
				CODE_SIGN_STYLE = Automatic;
				CURRENT_PROJECT_VERSION = 1;
				DEVELOPMENT_TEAM = A6LH6T8YU2;
				GENERATE_INFOPLIST_FILE = YES;
				MARKETING_VERSION = 1.0;
				PRODUCT_BUNDLE_IDENTIFIER = "testing.test1-2UITests";
				PRODUCT_NAME = "$(TARGET_NAME)";
				SWIFT_EMIT_LOC_STRINGS = NO;
				SWIFT_VERSION = 5.0;
				TARGETED_DEVICE_FAMILY = "1,2";
				TEST_TARGET_NAME = test1.2;
			};
			name = Debug;
		};
		474613ED2B79BC4800F5461C /* Release */ = {
			isa = XCBuildConfiguration;
			buildSettings = {
				ALWAYS_EMBED_SWIFT_STANDARD_LIBRARIES = YES;
				CODE_SIGN_STYLE = Automatic;
				CURRENT_PROJECT_VERSION = 1;
				DEVELOPMENT_TEAM = A6LH6T8YU2;
				GENERATE_INFOPLIST_FILE = YES;
				MARKETING_VERSION = 1.0;
				PRODUCT_BUNDLE_IDENTIFIER = "testing.test1-2UITests";
				PRODUCT_NAME = "$(TARGET_NAME)";
				SWIFT_EMIT_LOC_STRINGS = NO;
				SWIFT_VERSION = 5.0;
				TARGETED_DEVICE_FAMILY = "1,2";
				TEST_TARGET_NAME = test1.2;
			};
			name = Release;
		};
/* End XCBuildConfiguration section */

/* Begin XCConfigurationList section */
		474613BC2B79BC4600F5461C /* Build configuration list for PBXProject "test1.2" */ = {
			isa = XCConfigurationList;
			buildConfigurations = (
				474613E32B79BC4800F5461C /* Debug */,
				474613E42B79BC4800F5461C /* Release */,
			);
			defaultConfigurationIsVisible = 0;
			defaultConfigurationName = Release;
		};
		474613E52B79BC4800F5461C /* Build configuration list for PBXNativeTarget "test1.2" */ = {
			isa = XCConfigurationList;
			buildConfigurations = (
				474613E62B79BC4800F5461C /* Debug */,
				474613E72B79BC4800F5461C /* Release */,
			);
			defaultConfigurationIsVisible = 0;
			defaultConfigurationName = Release;
		};
		474613E82B79BC4800F5461C /* Build configuration list for PBXNativeTarget "test1.2Tests" */ = {
			isa = XCConfigurationList;
			buildConfigurations = (
				474613E92B79BC4800F5461C /* Debug */,
				474613EA2B79BC4800F5461C /* Release */,
			);
			defaultConfigurationIsVisible = 0;
			defaultConfigurationName = Release;
		};
		474613EB2B79BC4800F5461C /* Build configuration list for PBXNativeTarget "test1.2UITests" */ = {
			isa = XCConfigurationList;
			buildConfigurations = (
				474613EC2B79BC4800F5461C /* Debug */,
				474613ED2B79BC4800F5461C /* Release */,
			);
			defaultConfigurationIsVisible = 0;
			defaultConfigurationName = Release;
		};
/* End XCConfigurationList section */
	};
	rootObject = 474613B92B79BC4600F5461C /* Project object */;
}
